
Microsoft Visual Studio Solution File, Format Version 12.00
# Visual Studio Version 16
VisualStudioVersion = 16.0.30011.22
MinimumVisualStudioVersion = 10.0.40219.1
Project("{9A19103F-16F7-4668-BE54-9A1E7A4F7556}") = "AkshaySDemo", "AkshaySDemo\AkshaySDemo.csproj", "{8A00A95F-5D6A-46C4-BEF7-021F3C0F1488}"
EndProject
Project("{9A19103F-16F7-4668-BE54-9A1E7A4F7556}") = "AkshaySDemoSQLServer", "AkshaySDemoDataAccessLayer\AkshaySDemoSQLServer.csproj", "{789D14A8-1B50-4C04-B109-CD5E836476BA}"
EndProject
Project("{9A19103F-16F7-4668-BE54-9A1E7A4F7556}") = "CCLRazorComponentsForBlazor", "CCLRazorComponentsforBlazor\CCLRazorComponentsForBlazor.csproj", "{3C3E4180-EC3E-4B78-B120-49BCE8C223B7}"
EndProject
Project("{9A19103F-16F7-4668-BE54-9A1E7A4F7556}") = "AkshaySDemoGoogleFireStoreDB", "AkshaySDemoGoogleFireStoreDB\AkshaySDemoGoogleFireStoreDB.csproj", "{EAD74731-E06D-42C8-8DCF-989AAEBD96D7}"
EndProject
Project("{9A19103F-16F7-4668-BE54-9A1E7A4F7556}") = "AkshaySDemoMySQL", "AkshaySDemoMySQL\AkshaySDemoMySQL.csproj", "{87D254C5-975E-441B-A4AF-B3D55F989329}"
EndProject
Project("{9A19103F-16F7-4668-BE54-9A1E7A4F7556}") = "AkshaySDemoModels", "AkshaySDemoModels\AkshaySDemoModels.csproj", "{834483A7-9D80-4F1E-B5E6-1CBF25F1FABF}"
EndProject
Project("{9A19103F-16F7-4668-BE54-9A1E7A4F7556}") = "AkshaySDemoPostgreSQL", "AkshaySDemoPostgreSQL\AkshaySDemoPostgreSQL.csproj", "{81E2640A-8926-43D9-B226-42BF769AAA1E}"
EndProject
Project("{9A19103F-16F7-4668-BE54-9A1E7A4F7556}") = "AkshaySDbDiscoverySQLServer", "AkshaySDbDiscoverySQLServer\AkshaySDbDiscoverySQLServer.csproj", "{A99DF526-C33C-4AED-8E84-40449529C034}"
EndProject
Project("{9A19103F-16F7-4668-BE54-9A1E7A4F7556}") = "AkshaysSpotifyClient", "AkshaysSpotifyClient\AkshaysSpotifyClient.csproj", "{11D7B44A-FB6F-4EAE-8D42-54128CCD6988}"
EndProject
Project("{9A19103F-16F7-4668-BE54-9A1E7A4F7556}") = "AkshaySSpotifyYoutubeClient", "AkshaySSpotifyYoutubeClient\AkshaySSpotifyYoutubeClient.csproj", "{30EB244C-B8EF-4143-A2C9-E2974EC7FB02}"
EndProject
Project("{9A19103F-16F7-4668-BE54-9A1E7A4F7556}") = "AkshaySDemoOracle", "AkshaySDemoOracle\AkshaySDemoOracle.csproj", "{B17436E7-8A43-4721-848D-8C0A2BEE1EBA}"
EndProject
Project("{9A19103F-16F7-4668-BE54-9A1E7A4F7556}") = "SpotifyApi.NetCore", "SpotifyApi.NetCore\SpotifyApi.NetCore.csproj", "{4AA3C2A9-99DC-41B3-8782-E5F4FF90ED23}"
EndProject
Project("{9A19103F-16F7-4668-BE54-9A1E7A4F7556}") = "TestCSharpInConsoleApp", "TestCSharpInConsoleApp\TestCSharpInConsoleApp.csproj", "{6AE39D80-7950-4F2E-BFD3-090B10AB2DA5}"
EndProject
Project("{9A19103F-16F7-4668-BE54-9A1E7A4F7556}") = "AuthenticationPagesForUnity", "AuthenticationPagesForUnity\AuthenticationPagesForUnity.csproj", "{81DFAD63-F4D5-4521-9A6C-547439FC7618}"
EndProject
Global
	GlobalSection(SolutionConfigurationPlatforms) = preSolution
		Debug|Any CPU = Debug|Any CPU
		Release|Any CPU = Release|Any CPU
	EndGlobalSection
	GlobalSection(ProjectConfigurationPlatforms) = postSolution
		{8A00A95F-5D6A-46C4-BEF7-021F3C0F1488}.Debug|Any CPU.ActiveCfg = Debug|Any CPU
		{8A00A95F-5D6A-46C4-BEF7-021F3C0F1488}.Debug|Any CPU.Build.0 = Debug|Any CPU
		{8A00A95F-5D6A-46C4-BEF7-021F3C0F1488}.Release|Any CPU.ActiveCfg = Release|Any CPU
		{8A00A95F-5D6A-46C4-BEF7-021F3C0F1488}.Release|Any CPU.Build.0 = Release|Any CPU
		{789D14A8-1B50-4C04-B109-CD5E836476BA}.Debug|Any CPU.ActiveCfg = Debug|Any CPU
		{789D14A8-1B50-4C04-B109-CD5E836476BA}.Debug|Any CPU.Build.0 = Debug|Any CPU
		{789D14A8-1B50-4C04-B109-CD5E836476BA}.Release|Any CPU.ActiveCfg = Release|Any CPU
		{789D14A8-1B50-4C04-B109-CD5E836476BA}.Release|Any CPU.Build.0 = Release|Any CPU
		{3C3E4180-EC3E-4B78-B120-49BCE8C223B7}.Debug|Any CPU.ActiveCfg = Debug|Any CPU
		{3C3E4180-EC3E-4B78-B120-49BCE8C223B7}.Debug|Any CPU.Build.0 = Debug|Any CPU
		{3C3E4180-EC3E-4B78-B120-49BCE8C223B7}.Release|Any CPU.ActiveCfg = Release|Any CPU
		{3C3E4180-EC3E-4B78-B120-49BCE8C223B7}.Release|Any CPU.Build.0 = Release|Any CPU
		{EAD74731-E06D-42C8-8DCF-989AAEBD96D7}.Debug|Any CPU.ActiveCfg = Debug|Any CPU
		{EAD74731-E06D-42C8-8DCF-989AAEBD96D7}.Debug|Any CPU.Build.0 = Debug|Any CPU
		{EAD74731-E06D-42C8-8DCF-989AAEBD96D7}.Release|Any CPU.ActiveCfg = Release|Any CPU
		{EAD74731-E06D-42C8-8DCF-989AAEBD96D7}.Release|Any CPU.Build.0 = Release|Any CPU
		{87D254C5-975E-441B-A4AF-B3D55F989329}.Debug|Any CPU.ActiveCfg = Debug|Any CPU
		{87D254C5-975E-441B-A4AF-B3D55F989329}.Debug|Any CPU.Build.0 = Debug|Any CPU
		{87D254C5-975E-441B-A4AF-B3D55F989329}.Release|Any CPU.ActiveCfg = Release|Any CPU
		{87D254C5-975E-441B-A4AF-B3D55F989329}.Release|Any CPU.Build.0 = Release|Any CPU
		{834483A7-9D80-4F1E-B5E6-1CBF25F1FABF}.Debug|Any CPU.ActiveCfg = Debug|Any CPU
		{834483A7-9D80-4F1E-B5E6-1CBF25F1FABF}.Debug|Any CPU.Build.0 = Debug|Any CPU
		{834483A7-9D80-4F1E-B5E6-1CBF25F1FABF}.Release|Any CPU.ActiveCfg = Release|Any CPU
		{834483A7-9D80-4F1E-B5E6-1CBF25F1FABF}.Release|Any CPU.Build.0 = Release|Any CPU
		{81E2640A-8926-43D9-B226-42BF769AAA1E}.Debug|Any CPU.ActiveCfg = Debug|Any CPU
		{81E2640A-8926-43D9-B226-42BF769AAA1E}.Debug|Any CPU.Build.0 = Debug|Any CPU
		{81E2640A-8926-43D9-B226-42BF769AAA1E}.Release|Any CPU.ActiveCfg = Release|Any CPU
		{81E2640A-8926-43D9-B226-42BF769AAA1E}.Release|Any CPU.Build.0 = Release|Any CPU
		{A99DF526-C33C-4AED-8E84-40449529C034}.Debug|Any CPU.ActiveCfg = Debug|Any CPU
		{A99DF526-C33C-4AED-8E84-40449529C034}.Debug|Any CPU.Build.0 = Debug|Any CPU
		{A99DF526-C33C-4AED-8E84-40449529C034}.Release|Any CPU.ActiveCfg = Release|Any CPU
		{A99DF526-C33C-4AED-8E84-40449529C034}.Release|Any CPU.Build.0 = Release|Any CPU
		{11D7B44A-FB6F-4EAE-8D42-54128CCD6988}.Debug|Any CPU.ActiveCfg = Debug|Any CPU
		{11D7B44A-FB6F-4EAE-8D42-54128CCD6988}.Debug|Any CPU.Build.0 = Debug|Any CPU
		{11D7B44A-FB6F-4EAE-8D42-54128CCD6988}.Release|Any CPU.ActiveCfg = Release|Any CPU
		{11D7B44A-FB6F-4EAE-8D42-54128CCD6988}.Release|Any CPU.Build.0 = Release|Any CPU
		{30EB244C-B8EF-4143-A2C9-E2974EC7FB02}.Debug|Any CPU.ActiveCfg = Debug|Any CPU
		{30EB244C-B8EF-4143-A2C9-E2974EC7FB02}.Debug|Any CPU.Build.0 = Debug|Any CPU
		{30EB244C-B8EF-4143-A2C9-E2974EC7FB02}.Release|Any CPU.ActiveCfg = Release|Any CPU
		{30EB244C-B8EF-4143-A2C9-E2974EC7FB02}.Release|Any CPU.Build.0 = Release|Any CPU
		{B17436E7-8A43-4721-848D-8C0A2BEE1EBA}.Debug|Any CPU.ActiveCfg = Debug|Any CPU
		{B17436E7-8A43-4721-848D-8C0A2BEE1EBA}.Debug|Any CPU.Build.0 = Debug|Any CPU
		{B17436E7-8A43-4721-848D-8C0A2BEE1EBA}.Release|Any CPU.ActiveCfg = Release|Any CPU
		{B17436E7-8A43-4721-848D-8C0A2BEE1EBA}.Release|Any CPU.Build.0 = Release|Any CPU
		{4AA3C2A9-99DC-41B3-8782-E5F4FF90ED23}.Debug|Any CPU.ActiveCfg = Debug|Any CPU
		{4AA3C2A9-99DC-41B3-8782-E5F4FF90ED23}.Debug|Any CPU.Build.0 = Debug|Any CPU
		{4AA3C2A9-99DC-41B3-8782-E5F4FF90ED23}.Release|Any CPU.ActiveCfg = Release|Any CPU
		{4AA3C2A9-99DC-41B3-8782-E5F4FF90ED23}.Release|Any CPU.Build.0 = Release|Any CPU
		{6AE39D80-7950-4F2E-BFD3-090B10AB2DA5}.Debug|Any CPU.ActiveCfg = Debug|Any CPU
		{6AE39D80-7950-4F2E-BFD3-090B10AB2DA5}.Debug|Any CPU.Build.0 = Debug|Any CPU
		{6AE39D80-7950-4F2E-BFD3-090B10AB2DA5}.Release|Any CPU.ActiveCfg = Release|Any CPU
		{6AE39D80-7950-4F2E-BFD3-090B10AB2DA5}.Release|Any CPU.Build.0 = Release|Any CPU
		{81DFAD63-F4D5-4521-9A6C-547439FC7618}.Debug|Any CPU.ActiveCfg = Debug|Any CPU
		{81DFAD63-F4D5-4521-9A6C-547439FC7618}.Debug|Any CPU.Build.0 = Debug|Any CPU
		{81DFAD63-F4D5-4521-9A6C-547439FC7618}.Release|Any CPU.ActiveCfg = Release|Any CPU
		{81DFAD63-F4D5-4521-9A6C-547439FC7618}.Release|Any CPU.Build.0 = Release|Any CPU
	EndGlobalSection
	GlobalSection(SolutionProperties) = preSolution
		HideSolutionNode = FALSE
	EndGlobalSection
	GlobalSection(ExtensibilityGlobals) = postSolution
		SolutionGuid = {7B6F423E-D7DC-4011-AF7E-53E04BADF845}
	EndGlobalSection
EndGlobal
