
Microsoft Visual Studio Solution File, Format Version 12.00
# Visual Studio Version 16
VisualStudioVersion = 16.0.30011.22
MinimumVisualStudioVersion = 10.0.40219.1
Project("{9A19103F-16F7-4668-BE54-9A1E7A4F7556}") = "AkshaySDemo", "AkshaySDemo\AkshaySDemo.csproj", "{8A00A95F-5D6A-46C4-BEF7-021F3C0F1488}"
EndProject
Project("{9A19103F-16F7-4668-BE54-9A1E7A4F7556}") = "CCLRazorComponentsForBlazor", "CCLRazorComponentsforBlazor\CCLRazorComponentsForBlazor.csproj", "{3C3E4180-EC3E-4B78-B120-49BCE8C223B7}"
EndProject
Project("{9A19103F-16F7-4668-BE54-9A1E7A4F7556}") = "AkshaySDemoGoogleFireStoreDB", "AkshaySDemoGoogleFireStoreDB\AkshaySDemoGoogleFireStoreDB.csproj", "{EAD74731-E06D-42C8-8DCF-989AAEBD96D7}"
EndProject
Project("{9A19103F-16F7-4668-BE54-9A1E7A4F7556}") = "AkshaySDemoMySQL", "AkshaySDemoMySQL\AkshaySDemoMySQL.csproj", "{87D254C5-975E-441B-A4AF-B3D55F989329}"
EndProject
Project("{9A19103F-16F7-4668-BE54-9A1E7A4F7556}") = "AkshaySDemoModels", "AkshaySDemoModels\AkshaySDemoModels.csproj", "{834483A7-9D80-4F1E-B5E6-1CBF25F1FABF}"
EndProject
Project("{9A19103F-16F7-4668-BE54-9A1E7A4F7556}") = "AkshaySDemoPostgreSQL", "AkshaySDemoPostgreSQL\AkshaySDemoPostgreSQL.csproj", "{81E2640A-8926-43D9-B226-42BF769AAA1E}"
EndProject
Project("{9A19103F-16F7-4668-BE54-9A1E7A4F7556}") = "AkshaySDemoOracle", "AkshaySDemoOracle\AkshaySDemoOracle.csproj", "{B17436E7-8A43-4721-848D-8C0A2BEE1EBA}"
EndProject
Project("{9A19103F-16F7-4668-BE54-9A1E7A4F7556}") = "SpotifyApi.NetCore", "SpotifyApi.NetCore\SpotifyApi.NetCore.csproj", "{4AA3C2A9-99DC-41B3-8782-E5F4FF90ED23}"
EndProject
Project("{9A19103F-16F7-4668-BE54-9A1E7A4F7556}") = "TestCSharpInConsoleApp", "TestCSharpInConsoleApp\TestCSharpInConsoleApp.csproj", "{6AE39D80-7950-4F2E-BFD3-090B10AB2DA5}"
EndProject
Project("{9A19103F-16F7-4668-BE54-9A1E7A4F7556}") = "EpicAkSDemo", "EpicAkSDemo\EpicAkSDemo.csproj", "{8CA001BD-FA85-4555-8BD1-85C7B333561C}"
EndProject
Project("{9A19103F-16F7-4668-BE54-9A1E7A4F7556}") = "EpicAkSDbDiscoverySQLServer", "EpicAkSDbDiscoverySQLServer\EpicAkSDbDiscoverySQLServer.csproj", "{84FF18DF-5B25-4AD2-BB50-036CB81E9DCB}"
EndProject
Project("{9A19103F-16F7-4668-BE54-9A1E7A4F7556}") = "EpicAkSModels", "EpicAkSModels\EpicAkSModels.csproj", "{9552B275-063F-4B1A-B26C-72E9B47619C6}"
EndProject
Project("{9A19103F-16F7-4668-BE54-9A1E7A4F7556}") = "EpicAkSDemoSQLServer", "EpicAkSDemoSQLServer\EpicAkSDemoSQLServer.csproj", "{7B6EAA1B-9122-439D-85C4-A4E02726B3DD}"
EndProject
Project("{9A19103F-16F7-4668-BE54-9A1E7A4F7556}") = "EpicAkSBlazorSMusicClient", "EpicAkSBlazorSMusicClient\EpicAkSBlazorSMusicClient.csproj", "{8CF1ECEB-8966-4866-A842-A0886C9F5CF7}"
EndProject
Project("{9A19103F-16F7-4668-BE54-9A1E7A4F7556}") = "EpicAkSBlazorWMusicClient", "EpicAkSBlazorWMusicClient\EpicAkSBlazorWMusicClient.csproj", "{A58C7BCB-866E-435F-9ADA-7256A8051203}"
EndProject
Project("{9A19103F-16F7-4668-BE54-9A1E7A4F7556}") = "EpicAkSAuthenticationPages", "EpicAkSAuthenticationPages\EpicAkSAuthenticationPages.csproj", "{7E09C646-E1D1-42E1-94A6-BA66CC468E1D}"
EndProject
Global
	GlobalSection(SolutionConfigurationPlatforms) = preSolution
		Debug|Any CPU = Debug|Any CPU
		Debug|x64 = Debug|x64
		Release|Any CPU = Release|Any CPU
		Release|x64 = Release|x64
	EndGlobalSection
	GlobalSection(ProjectConfigurationPlatforms) = postSolution
		{8A00A95F-5D6A-46C4-BEF7-021F3C0F1488}.Debug|Any CPU.ActiveCfg = Debug|Any CPU
		{8A00A95F-5D6A-46C4-BEF7-021F3C0F1488}.Debug|Any CPU.Build.0 = Debug|Any CPU
		{8A00A95F-5D6A-46C4-BEF7-021F3C0F1488}.Debug|x64.ActiveCfg = Debug|Any CPU
		{8A00A95F-5D6A-46C4-BEF7-021F3C0F1488}.Debug|x64.Build.0 = Debug|Any CPU
		{8A00A95F-5D6A-46C4-BEF7-021F3C0F1488}.Release|Any CPU.ActiveCfg = Release|Any CPU
		{8A00A95F-5D6A-46C4-BEF7-021F3C0F1488}.Release|Any CPU.Build.0 = Release|Any CPU
		{8A00A95F-5D6A-46C4-BEF7-021F3C0F1488}.Release|x64.ActiveCfg = Release|Any CPU
		{8A00A95F-5D6A-46C4-BEF7-021F3C0F1488}.Release|x64.Build.0 = Release|Any CPU
		{3C3E4180-EC3E-4B78-B120-49BCE8C223B7}.Debug|Any CPU.ActiveCfg = Debug|Any CPU
		{3C3E4180-EC3E-4B78-B120-49BCE8C223B7}.Debug|Any CPU.Build.0 = Debug|Any CPU
		{3C3E4180-EC3E-4B78-B120-49BCE8C223B7}.Debug|x64.ActiveCfg = Debug|Any CPU
		{3C3E4180-EC3E-4B78-B120-49BCE8C223B7}.Debug|x64.Build.0 = Debug|Any CPU
		{3C3E4180-EC3E-4B78-B120-49BCE8C223B7}.Release|Any CPU.ActiveCfg = Release|Any CPU
		{3C3E4180-EC3E-4B78-B120-49BCE8C223B7}.Release|Any CPU.Build.0 = Release|Any CPU
		{3C3E4180-EC3E-4B78-B120-49BCE8C223B7}.Release|x64.ActiveCfg = Release|Any CPU
		{3C3E4180-EC3E-4B78-B120-49BCE8C223B7}.Release|x64.Build.0 = Release|Any CPU
		{EAD74731-E06D-42C8-8DCF-989AAEBD96D7}.Debug|Any CPU.ActiveCfg = Debug|Any CPU
		{EAD74731-E06D-42C8-8DCF-989AAEBD96D7}.Debug|Any CPU.Build.0 = Debug|Any CPU
		{EAD74731-E06D-42C8-8DCF-989AAEBD96D7}.Debug|x64.ActiveCfg = Debug|Any CPU
		{EAD74731-E06D-42C8-8DCF-989AAEBD96D7}.Debug|x64.Build.0 = Debug|Any CPU
		{EAD74731-E06D-42C8-8DCF-989AAEBD96D7}.Release|Any CPU.ActiveCfg = Release|Any CPU
		{EAD74731-E06D-42C8-8DCF-989AAEBD96D7}.Release|Any CPU.Build.0 = Release|Any CPU
		{EAD74731-E06D-42C8-8DCF-989AAEBD96D7}.Release|x64.ActiveCfg = Release|Any CPU
		{EAD74731-E06D-42C8-8DCF-989AAEBD96D7}.Release|x64.Build.0 = Release|Any CPU
		{87D254C5-975E-441B-A4AF-B3D55F989329}.Debug|Any CPU.ActiveCfg = Debug|Any CPU
		{87D254C5-975E-441B-A4AF-B3D55F989329}.Debug|Any CPU.Build.0 = Debug|Any CPU
		{87D254C5-975E-441B-A4AF-B3D55F989329}.Debug|x64.ActiveCfg = Debug|Any CPU
		{87D254C5-975E-441B-A4AF-B3D55F989329}.Debug|x64.Build.0 = Debug|Any CPU
		{87D254C5-975E-441B-A4AF-B3D55F989329}.Release|Any CPU.ActiveCfg = Release|Any CPU
		{87D254C5-975E-441B-A4AF-B3D55F989329}.Release|Any CPU.Build.0 = Release|Any CPU
		{87D254C5-975E-441B-A4AF-B3D55F989329}.Release|x64.ActiveCfg = Release|Any CPU
		{87D254C5-975E-441B-A4AF-B3D55F989329}.Release|x64.Build.0 = Release|Any CPU
		{834483A7-9D80-4F1E-B5E6-1CBF25F1FABF}.Debug|Any CPU.ActiveCfg = Debug|Any CPU
		{834483A7-9D80-4F1E-B5E6-1CBF25F1FABF}.Debug|Any CPU.Build.0 = Debug|Any CPU
		{834483A7-9D80-4F1E-B5E6-1CBF25F1FABF}.Debug|x64.ActiveCfg = Debug|Any CPU
		{834483A7-9D80-4F1E-B5E6-1CBF25F1FABF}.Debug|x64.Build.0 = Debug|Any CPU
		{834483A7-9D80-4F1E-B5E6-1CBF25F1FABF}.Release|Any CPU.ActiveCfg = Release|Any CPU
		{834483A7-9D80-4F1E-B5E6-1CBF25F1FABF}.Release|Any CPU.Build.0 = Release|Any CPU
		{834483A7-9D80-4F1E-B5E6-1CBF25F1FABF}.Release|x64.ActiveCfg = Release|Any CPU
		{834483A7-9D80-4F1E-B5E6-1CBF25F1FABF}.Release|x64.Build.0 = Release|Any CPU
		{81E2640A-8926-43D9-B226-42BF769AAA1E}.Debug|Any CPU.ActiveCfg = Debug|Any CPU
		{81E2640A-8926-43D9-B226-42BF769AAA1E}.Debug|Any CPU.Build.0 = Debug|Any CPU
		{81E2640A-8926-43D9-B226-42BF769AAA1E}.Debug|x64.ActiveCfg = Debug|Any CPU
		{81E2640A-8926-43D9-B226-42BF769AAA1E}.Debug|x64.Build.0 = Debug|Any CPU
		{81E2640A-8926-43D9-B226-42BF769AAA1E}.Release|Any CPU.ActiveCfg = Release|Any CPU
		{81E2640A-8926-43D9-B226-42BF769AAA1E}.Release|Any CPU.Build.0 = Release|Any CPU
		{81E2640A-8926-43D9-B226-42BF769AAA1E}.Release|x64.ActiveCfg = Release|Any CPU
		{81E2640A-8926-43D9-B226-42BF769AAA1E}.Release|x64.Build.0 = Release|Any CPU
		{B17436E7-8A43-4721-848D-8C0A2BEE1EBA}.Debug|Any CPU.ActiveCfg = Debug|Any CPU
		{B17436E7-8A43-4721-848D-8C0A2BEE1EBA}.Debug|Any CPU.Build.0 = Debug|Any CPU
		{B17436E7-8A43-4721-848D-8C0A2BEE1EBA}.Debug|x64.ActiveCfg = Debug|Any CPU
		{B17436E7-8A43-4721-848D-8C0A2BEE1EBA}.Debug|x64.Build.0 = Debug|Any CPU
		{B17436E7-8A43-4721-848D-8C0A2BEE1EBA}.Release|Any CPU.ActiveCfg = Release|Any CPU
		{B17436E7-8A43-4721-848D-8C0A2BEE1EBA}.Release|Any CPU.Build.0 = Release|Any CPU
		{B17436E7-8A43-4721-848D-8C0A2BEE1EBA}.Release|x64.ActiveCfg = Release|Any CPU
		{B17436E7-8A43-4721-848D-8C0A2BEE1EBA}.Release|x64.Build.0 = Release|Any CPU
		{4AA3C2A9-99DC-41B3-8782-E5F4FF90ED23}.Debug|Any CPU.ActiveCfg = Debug|Any CPU
		{4AA3C2A9-99DC-41B3-8782-E5F4FF90ED23}.Debug|Any CPU.Build.0 = Debug|Any CPU
		{4AA3C2A9-99DC-41B3-8782-E5F4FF90ED23}.Debug|x64.ActiveCfg = Debug|Any CPU
		{4AA3C2A9-99DC-41B3-8782-E5F4FF90ED23}.Debug|x64.Build.0 = Debug|Any CPU
		{4AA3C2A9-99DC-41B3-8782-E5F4FF90ED23}.Release|Any CPU.ActiveCfg = Release|Any CPU
		{4AA3C2A9-99DC-41B3-8782-E5F4FF90ED23}.Release|Any CPU.Build.0 = Release|Any CPU
		{4AA3C2A9-99DC-41B3-8782-E5F4FF90ED23}.Release|x64.ActiveCfg = Release|Any CPU
		{4AA3C2A9-99DC-41B3-8782-E5F4FF90ED23}.Release|x64.Build.0 = Release|Any CPU
		{6AE39D80-7950-4F2E-BFD3-090B10AB2DA5}.Debug|Any CPU.ActiveCfg = Debug|Any CPU
		{6AE39D80-7950-4F2E-BFD3-090B10AB2DA5}.Debug|Any CPU.Build.0 = Debug|Any CPU
		{6AE39D80-7950-4F2E-BFD3-090B10AB2DA5}.Debug|x64.ActiveCfg = Debug|Any CPU
		{6AE39D80-7950-4F2E-BFD3-090B10AB2DA5}.Debug|x64.Build.0 = Debug|Any CPU
		{6AE39D80-7950-4F2E-BFD3-090B10AB2DA5}.Release|Any CPU.ActiveCfg = Release|Any CPU
		{6AE39D80-7950-4F2E-BFD3-090B10AB2DA5}.Release|Any CPU.Build.0 = Release|Any CPU
		{6AE39D80-7950-4F2E-BFD3-090B10AB2DA5}.Release|x64.ActiveCfg = Release|Any CPU
		{6AE39D80-7950-4F2E-BFD3-090B10AB2DA5}.Release|x64.Build.0 = Release|Any CPU
		{8CA001BD-FA85-4555-8BD1-85C7B333561C}.Debug|Any CPU.ActiveCfg = Debug|Any CPU
		{8CA001BD-FA85-4555-8BD1-85C7B333561C}.Debug|Any CPU.Build.0 = Debug|Any CPU
		{8CA001BD-FA85-4555-8BD1-85C7B333561C}.Debug|x64.ActiveCfg = Debug|Any CPU
		{8CA001BD-FA85-4555-8BD1-85C7B333561C}.Debug|x64.Build.0 = Debug|Any CPU
		{8CA001BD-FA85-4555-8BD1-85C7B333561C}.Release|Any CPU.ActiveCfg = Release|Any CPU
		{8CA001BD-FA85-4555-8BD1-85C7B333561C}.Release|Any CPU.Build.0 = Release|Any CPU
		{8CA001BD-FA85-4555-8BD1-85C7B333561C}.Release|x64.ActiveCfg = Release|Any CPU
		{8CA001BD-FA85-4555-8BD1-85C7B333561C}.Release|x64.Build.0 = Release|Any CPU
		{84FF18DF-5B25-4AD2-BB50-036CB81E9DCB}.Debug|Any CPU.ActiveCfg = Debug|Any CPU
		{84FF18DF-5B25-4AD2-BB50-036CB81E9DCB}.Debug|Any CPU.Build.0 = Debug|Any CPU
		{84FF18DF-5B25-4AD2-BB50-036CB81E9DCB}.Debug|x64.ActiveCfg = Debug|Any CPU
		{84FF18DF-5B25-4AD2-BB50-036CB81E9DCB}.Debug|x64.Build.0 = Debug|Any CPU
		{84FF18DF-5B25-4AD2-BB50-036CB81E9DCB}.Release|Any CPU.ActiveCfg = Release|Any CPU
		{84FF18DF-5B25-4AD2-BB50-036CB81E9DCB}.Release|Any CPU.Build.0 = Release|Any CPU
		{84FF18DF-5B25-4AD2-BB50-036CB81E9DCB}.Release|x64.ActiveCfg = Release|Any CPU
		{84FF18DF-5B25-4AD2-BB50-036CB81E9DCB}.Release|x64.Build.0 = Release|Any CPU
		{9552B275-063F-4B1A-B26C-72E9B47619C6}.Debug|Any CPU.ActiveCfg = Debug|Any CPU
		{9552B275-063F-4B1A-B26C-72E9B47619C6}.Debug|Any CPU.Build.0 = Debug|Any CPU
		{9552B275-063F-4B1A-B26C-72E9B47619C6}.Debug|x64.ActiveCfg = Debug|Any CPU
		{9552B275-063F-4B1A-B26C-72E9B47619C6}.Debug|x64.Build.0 = Debug|Any CPU
		{9552B275-063F-4B1A-B26C-72E9B47619C6}.Release|Any CPU.ActiveCfg = Release|Any CPU
		{9552B275-063F-4B1A-B26C-72E9B47619C6}.Release|Any CPU.Build.0 = Release|Any CPU
		{9552B275-063F-4B1A-B26C-72E9B47619C6}.Release|x64.ActiveCfg = Release|Any CPU
		{9552B275-063F-4B1A-B26C-72E9B47619C6}.Release|x64.Build.0 = Release|Any CPU
		{7B6EAA1B-9122-439D-85C4-A4E02726B3DD}.Debug|Any CPU.ActiveCfg = Debug|Any CPU
		{7B6EAA1B-9122-439D-85C4-A4E02726B3DD}.Debug|Any CPU.Build.0 = Debug|Any CPU
		{7B6EAA1B-9122-439D-85C4-A4E02726B3DD}.Debug|x64.ActiveCfg = Debug|Any CPU
		{7B6EAA1B-9122-439D-85C4-A4E02726B3DD}.Debug|x64.Build.0 = Debug|Any CPU
		{7B6EAA1B-9122-439D-85C4-A4E02726B3DD}.Release|Any CPU.ActiveCfg = Release|Any CPU
		{7B6EAA1B-9122-439D-85C4-A4E02726B3DD}.Release|Any CPU.Build.0 = Release|Any CPU
		{7B6EAA1B-9122-439D-85C4-A4E02726B3DD}.Release|x64.ActiveCfg = Release|Any CPU
		{7B6EAA1B-9122-439D-85C4-A4E02726B3DD}.Release|x64.Build.0 = Release|Any CPU
		{8CF1ECEB-8966-4866-A842-A0886C9F5CF7}.Debug|Any CPU.ActiveCfg = Debug|Any CPU
		{8CF1ECEB-8966-4866-A842-A0886C9F5CF7}.Debug|Any CPU.Build.0 = Debug|Any CPU
		{8CF1ECEB-8966-4866-A842-A0886C9F5CF7}.Debug|x64.ActiveCfg = Debug|Any CPU
		{8CF1ECEB-8966-4866-A842-A0886C9F5CF7}.Debug|x64.Build.0 = Debug|Any CPU
		{8CF1ECEB-8966-4866-A842-A0886C9F5CF7}.Release|Any CPU.ActiveCfg = Release|Any CPU
		{8CF1ECEB-8966-4866-A842-A0886C9F5CF7}.Release|Any CPU.Build.0 = Release|Any CPU
		{8CF1ECEB-8966-4866-A842-A0886C9F5CF7}.Release|x64.ActiveCfg = Release|Any CPU
		{8CF1ECEB-8966-4866-A842-A0886C9F5CF7}.Release|x64.Build.0 = Release|Any CPU
		{A58C7BCB-866E-435F-9ADA-7256A8051203}.Debug|Any CPU.ActiveCfg = Debug|Any CPU
		{A58C7BCB-866E-435F-9ADA-7256A8051203}.Debug|Any CPU.Build.0 = Debug|Any CPU
		{A58C7BCB-866E-435F-9ADA-7256A8051203}.Debug|x64.ActiveCfg = Debug|Any CPU
		{A58C7BCB-866E-435F-9ADA-7256A8051203}.Debug|x64.Build.0 = Debug|Any CPU
		{A58C7BCB-866E-435F-9ADA-7256A8051203}.Release|Any CPU.ActiveCfg = Release|Any CPU
		{A58C7BCB-866E-435F-9ADA-7256A8051203}.Release|Any CPU.Build.0 = Release|Any CPU
		{A58C7BCB-866E-435F-9ADA-7256A8051203}.Release|x64.ActiveCfg = Release|Any CPU
		{A58C7BCB-866E-435F-9ADA-7256A8051203}.Release|x64.Build.0 = Release|Any CPU
		{7E09C646-E1D1-42E1-94A6-BA66CC468E1D}.Debug|Any CPU.ActiveCfg = Debug|Any CPU
		{7E09C646-E1D1-42E1-94A6-BA66CC468E1D}.Debug|Any CPU.Build.0 = Debug|Any CPU
		{7E09C646-E1D1-42E1-94A6-BA66CC468E1D}.Debug|x64.ActiveCfg = Debug|Any CPU
		{7E09C646-E1D1-42E1-94A6-BA66CC468E1D}.Debug|x64.Build.0 = Debug|Any CPU
		{7E09C646-E1D1-42E1-94A6-BA66CC468E1D}.Release|Any CPU.ActiveCfg = Release|Any CPU
		{7E09C646-E1D1-42E1-94A6-BA66CC468E1D}.Release|Any CPU.Build.0 = Release|Any CPU
		{7E09C646-E1D1-42E1-94A6-BA66CC468E1D}.Release|x64.ActiveCfg = Release|Any CPU
		{7E09C646-E1D1-42E1-94A6-BA66CC468E1D}.Release|x64.Build.0 = Release|Any CPU
	EndGlobalSection
	GlobalSection(SolutionProperties) = preSolution
		HideSolutionNode = FALSE
	EndGlobalSection
	GlobalSection(ExtensibilityGlobals) = postSolution
		SolutionGuid = {7B6F423E-D7DC-4011-AF7E-53E04BADF845}
	EndGlobalSection
EndGlobal
